
Microsoft Visual Studio Solution File, Format Version 12.00
# Visual Studio Version 17
VisualStudioVersion = 17.13.35825.156 d17.13
MinimumVisualStudioVersion = 10.0.40219.1
Project("{FAE04EC0-301F-11D3-BF4B-00C04F79EFBC}") = "OrderForm", "OrderForm.csproj", "{F590CF05-08C2-4550-8488-C780B9BAE6B4}"
EndProject
Project("{FAE04EC0-301F-11D3-BF4B-00C04F79EFBC}") = "DataAccess", "..\DataAccess\DataAccess.csproj", "{CC91B085-219B-42F4-9035-F01C763095D3}"
EndProject
Project("{FAE04EC0-301F-11D3-BF4B-00C04F79EFBC}") = "BusinessLogic", "..\BusinessLogic\BusinessLogic.csproj", "{A16CC4D7-BF94-473D-AC51-63B4B28EA0BB}"
EndProject
Project("{FAE04EC0-301F-11D3-BF4B-00C04F79EFBC}") = "SignalRHubLibrary", "..\SignalRHubLibrary\SignalRHubLibrary.csproj", "{77599E1F-B30E-4C5A-B4BF-274EEA55825F}"
EndProject
Project("{FAE04EC0-301F-11D3-BF4B-00C04F79EFBC}") = "RestApi", "..\RestApi\RestApi.csproj", "{6FCEC457-72F6-4319-BC63-4F7367524317}"
EndProject
Project("{FAE04EC0-301F-11D3-BF4B-00C04F79EFBC}") = "ConsoleApp1", "..\ConsoleApp1\ConsoleApp1.csproj", "{0D21B3EF-11F6-4BAA-86F9-32032305E7C3}"
EndProject
Project("{FAE04EC0-301F-11D3-BF4B-00C04F79EFBC}") = "BlazorClient", "..\BlazorClient\BlazorClient.csproj", "{4CA279F8-E9BA-4A5A-A6C7-8B75EBED1CCE}"
EndProject
Global
	GlobalSection(SolutionConfigurationPlatforms) = preSolution
		Debug|Any CPU = Debug|Any CPU
		Release|Any CPU = Release|Any CPU
	EndGlobalSection
	GlobalSection(ProjectConfigurationPlatforms) = postSolution
		{F590CF05-08C2-4550-8488-C780B9BAE6B4}.Debug|Any CPU.ActiveCfg = Debug|Any CPU
		{F590CF05-08C2-4550-8488-C780B9BAE6B4}.Debug|Any CPU.Build.0 = Debug|Any CPU
		{F590CF05-08C2-4550-8488-C780B9BAE6B4}.Release|Any CPU.ActiveCfg = Release|Any CPU
		{F590CF05-08C2-4550-8488-C780B9BAE6B4}.Release|Any CPU.Build.0 = Release|Any CPU
		{CC91B085-219B-42F4-9035-F01C763095D3}.Debug|Any CPU.ActiveCfg = Debug|Any CPU
		{CC91B085-219B-42F4-9035-F01C763095D3}.Debug|Any CPU.Build.0 = Debug|Any CPU
		{CC91B085-219B-42F4-9035-F01C763095D3}.Release|Any CPU.ActiveCfg = Release|Any CPU
		{CC91B085-219B-42F4-9035-F01C763095D3}.Release|Any CPU.Build.0 = Release|Any CPU
		{A16CC4D7-BF94-473D-AC51-63B4B28EA0BB}.Debug|Any CPU.ActiveCfg = Debug|Any CPU
		{A16CC4D7-BF94-473D-AC51-63B4B28EA0BB}.Debug|Any CPU.Build.0 = Debug|Any CPU
		{A16CC4D7-BF94-473D-AC51-63B4B28EA0BB}.Release|Any CPU.ActiveCfg = Release|Any CPU
		{A16CC4D7-BF94-473D-AC51-63B4B28EA0BB}.Release|Any CPU.Build.0 = Release|Any CPU
		{77599E1F-B30E-4C5A-B4BF-274EEA55825F}.Debug|Any CPU.ActiveCfg = Debug|Any CPU
		{77599E1F-B30E-4C5A-B4BF-274EEA55825F}.Debug|Any CPU.Build.0 = Debug|Any CPU
		{77599E1F-B30E-4C5A-B4BF-274EEA55825F}.Release|Any CPU.ActiveCfg = Release|Any CPU
		{77599E1F-B30E-4C5A-B4BF-274EEA55825F}.Release|Any CPU.Build.0 = Release|Any CPU
		{6FCEC457-72F6-4319-BC63-4F7367524317}.Debug|Any CPU.ActiveCfg = Debug|Any CPU
		{6FCEC457-72F6-4319-BC63-4F7367524317}.Debug|Any CPU.Build.0 = Debug|Any CPU
		{6FCEC457-72F6-4319-BC63-4F7367524317}.Release|Any CPU.ActiveCfg = Release|Any CPU
		{6FCEC457-72F6-4319-BC63-4F7367524317}.Release|Any CPU.Build.0 = Release|Any CPU
		{0D21B3EF-11F6-4BAA-86F9-32032305E7C3}.Debug|Any CPU.ActiveCfg = Debug|Any CPU
		{0D21B3EF-11F6-4BAA-86F9-32032305E7C3}.Debug|Any CPU.Build.0 = Debug|Any CPU
		{0D21B3EF-11F6-4BAA-86F9-32032305E7C3}.Release|Any CPU.ActiveCfg = Release|Any CPU
		{0D21B3EF-11F6-4BAA-86F9-32032305E7C3}.Release|Any CPU.Build.0 = Release|Any CPU
		{4CA279F8-E9BA-4A5A-A6C7-8B75EBED1CCE}.Debug|Any CPU.ActiveCfg = Debug|Any CPU
		{4CA279F8-E9BA-4A5A-A6C7-8B75EBED1CCE}.Debug|Any CPU.Build.0 = Debug|Any CPU
		{4CA279F8-E9BA-4A5A-A6C7-8B75EBED1CCE}.Release|Any CPU.ActiveCfg = Release|Any CPU
		{4CA279F8-E9BA-4A5A-A6C7-8B75EBED1CCE}.Release|Any CPU.Build.0 = Release|Any CPU
	EndGlobalSection
	GlobalSection(SolutionProperties) = preSolution
		HideSolutionNode = FALSE
	EndGlobalSection
	GlobalSection(ExtensibilityGlobals) = postSolution
		SolutionGuid = {1AF0D144-DBCE-456B-8FCC-862CE18D3EE6}
	EndGlobalSection
EndGlobal
