
Microsoft Visual Studio Solution File, Format Version 12.00
# Visual Studio Version 17
VisualStudioVersion = 17.13.35931.197 d17.13
MinimumVisualStudioVersion = 10.0.40219.1
Project("{FAE04EC0-301F-11D3-BF4B-00C04F79EFBC}") = "BlazorApp15", "BlazorFlightStatus\BlazorApp15.csproj", "{D17CDA33-B721-4D97-AF6D-A2502D12322D}"
	ProjectSection(ProjectDependencies) = postProject
		{5DBF0C8A-70BD-484E-8D9E-5C329E925C6F} = {5DBF0C8A-70BD-484E-8D9E-5C329E925C6F}
	EndProjectSection
EndProject
Project("{FAE04EC0-301F-11D3-BF4B-00C04F79EFBC}") = "CalculatorLibrary", "CalculatorLibrary\CalculatorLibrary.csproj", "{796D5221-AB06-D7D8-9838-940E3DB7559E}"
EndProject
Project("{FAE04EC0-301F-11D3-BF4B-00C04F79EFBC}") = "WinFormsApp31", "WinFormsApp31\WinFormsApp31.csproj", "{65784129-9E3D-4010-95C8-9FAE27E4BC2C}"
	ProjectSection(ProjectDependencies) = postProject
		{5DBF0C8A-70BD-484E-8D9E-5C329E925C6F} = {5DBF0C8A-70BD-484E-8D9E-5C329E925C6F}
		{D17CDA33-B721-4D97-AF6D-A2502D12322D} = {D17CDA33-B721-4D97-AF6D-A2502D12322D}
	EndProjectSection
EndProject
Project("{FAE04EC0-301F-11D3-BF4B-00C04F79EFBC}") = "FlightStatusHub", "FlightStatusHub\FlightStatusHub.csproj", "{5DBF0C8A-70BD-484E-8D9E-5C329E925C6F}"
EndProject
Global
	GlobalSection(SolutionConfigurationPlatforms) = preSolution
		Debug|Any CPU = Debug|Any CPU
		Release|Any CPU = Release|Any CPU
	EndGlobalSection
	GlobalSection(ProjectConfigurationPlatforms) = postSolution
		{D17CDA33-B721-4D97-AF6D-A2502D12322D}.Debug|Any CPU.ActiveCfg = Debug|Any CPU
		{D17CDA33-B721-4D97-AF6D-A2502D12322D}.Debug|Any CPU.Build.0 = Debug|Any CPU
		{D17CDA33-B721-4D97-AF6D-A2502D12322D}.Release|Any CPU.ActiveCfg = Release|Any CPU
		{D17CDA33-B721-4D97-AF6D-A2502D12322D}.Release|Any CPU.Build.0 = Release|Any CPU
		{796D5221-AB06-D7D8-9838-940E3DB7559E}.Debug|Any CPU.ActiveCfg = Debug|Any CPU
		{796D5221-AB06-D7D8-9838-940E3DB7559E}.Debug|Any CPU.Build.0 = Debug|Any CPU
		{796D5221-AB06-D7D8-9838-940E3DB7559E}.Release|Any CPU.ActiveCfg = Release|Any CPU
		{796D5221-AB06-D7D8-9838-940E3DB7559E}.Release|Any CPU.Build.0 = Release|Any CPU
		{65784129-9E3D-4010-95C8-9FAE27E4BC2C}.Debug|Any CPU.ActiveCfg = Debug|Any CPU
		{65784129-9E3D-4010-95C8-9FAE27E4BC2C}.Debug|Any CPU.Build.0 = Debug|Any CPU
		{65784129-9E3D-4010-95C8-9FAE27E4BC2C}.Release|Any CPU.ActiveCfg = Release|Any CPU
		{65784129-9E3D-4010-95C8-9FAE27E4BC2C}.Release|Any CPU.Build.0 = Release|Any CPU
		{5DBF0C8A-70BD-484E-8D9E-5C329E925C6F}.Debug|Any CPU.ActiveCfg = Debug|Any CPU
		{5DBF0C8A-70BD-484E-8D9E-5C329E925C6F}.Debug|Any CPU.Build.0 = Debug|Any CPU
		{5DBF0C8A-70BD-484E-8D9E-5C329E925C6F}.Release|Any CPU.ActiveCfg = Release|Any CPU
		{5DBF0C8A-70BD-484E-8D9E-5C329E925C6F}.Release|Any CPU.Build.0 = Release|Any CPU
	EndGlobalSection
	GlobalSection(SolutionProperties) = preSolution
		HideSolutionNode = FALSE
	EndGlobalSection
	GlobalSection(ExtensibilityGlobals) = postSolution
		SolutionGuid = {B96CE579-B0D4-4426-9383-870333C88FF9}
	EndGlobalSection
EndGlobal
